
Microsoft Visual Studio Solution File, Format Version 12.00
# Visual Studio 2013
VisualStudioVersion = 12.0.21005.1
MinimumVisualStudioVersion = 10.0.40219.1
Project("{D2ABAB84-BF74-430A-B69E-9DC6D40DDA17}") = "Academic performance", "Academic performance\Academic performance.dwproj", "{57624E9B-BF6D-41E8-A6D4-F99F74279D30}"
EndProject
Global
	GlobalSection(SolutionConfigurationPlatforms) = preSolution
		Development|Default = Development|Default
	EndGlobalSection
	GlobalSection(ProjectConfigurationPlatforms) = postSolution
		{57624E9B-BF6D-41E8-A6D4-F99F74279D30}.Development|Default.ActiveCfg = Development
		{57624E9B-BF6D-41E8-A6D4-F99F74279D30}.Development|Default.Build.0 = Development
		{57624E9B-BF6D-41E8-A6D4-F99F74279D30}.Development|Default.Deploy.0 = Development
	EndGlobalSection
	GlobalSection(SolutionProperties) = preSolution
		HideSolutionNode = FALSE
	EndGlobalSection
EndGlobal
