
Microsoft Visual Studio Solution File, Format Version 12.00
# Visual Studio 2013
VisualStudioVersion = 12.0.21005.1
MinimumVisualStudioVersion = 10.0.40219.1
Project("{D2ABAB84-BF74-430A-B69E-9DC6D40DDA17}") = "Final_Project_Group15(Discipline)", "Final_Project_Group15(Discipline)\Final_Project_Group15(Discipline).dwproj", "{73200DDA-3F74-4991-B288-30637D9924DD}"
EndProject
Global
	GlobalSection(SolutionConfigurationPlatforms) = preSolution
		Development|Default = Development|Default
	EndGlobalSection
	GlobalSection(ProjectConfigurationPlatforms) = postSolution
		{73200DDA-3F74-4991-B288-30637D9924DD}.Development|Default.ActiveCfg = Development
		{73200DDA-3F74-4991-B288-30637D9924DD}.Development|Default.Build.0 = Development
		{73200DDA-3F74-4991-B288-30637D9924DD}.Development|Default.Deploy.0 = Development
	EndGlobalSection
	GlobalSection(SolutionProperties) = preSolution
		HideSolutionNode = FALSE
	EndGlobalSection
EndGlobal
